
Microsoft Visual Studio Solution File, Format Version 12.00
# Visual Studio Version 16
VisualStudioVersion = 16.0.29324.140
MinimumVisualStudioVersion = 10.0.40219.1
Project("{9A19103F-16F7-4668-BE54-9A1E7A4F7556}") = "DesignPatterns", "FactoryPatterns\DesignPatterns.csproj", "{9F78B43D-2C87-49EF-B078-5333ABF1992D}"
EndProject
Project("{9A19103F-16F7-4668-BE54-9A1E7A4F7556}") = "DataStructures", "DataStructures\DataStructures.csproj", "{E968F671-3178-466B-9102-624A8B8EF01B}"
EndProject
Project("{9A19103F-16F7-4668-BE54-9A1E7A4F7556}") = "SOLID", "SOLID\SOLID.csproj", "{52E9D4A7-0932-4FE3-B2DA-9A778B5A4657}"
EndProject
Project("{9A19103F-16F7-4668-BE54-9A1E7A4F7556}") = "Threading", "Threading\Threading.csproj", "{6F4598E3-D8BE-48DE-90A9-DE9EA9BD4921}"
EndProject
Project("{9A19103F-16F7-4668-BE54-9A1E7A4F7556}") = "Delegates", "Delegates\Delegates.csproj", "{F2B9BD39-FD99-4458-B962-0D301E3A89F3}"
EndProject
Project("{9A19103F-16F7-4668-BE54-9A1E7A4F7556}") = "Events", "Events\Events.csproj", "{7DD295EE-8A5E-4892-B4BA-7E2091AD995A}"
EndProject
Project("{9A19103F-16F7-4668-BE54-9A1E7A4F7556}") = "Generics", "Generics\Generics.csproj", "{9D643ECA-7ADA-4582-8010-4FA22C2AA4D8}"
EndProject
Project("{9A19103F-16F7-4668-BE54-9A1E7A4F7556}") = "LambdaExp", "LambdaExp\LambdaExp.csproj", "{7C333BEA-5ACB-4E5E-A404-AC14F7C2D8FF}"
EndProject
Project("{9A19103F-16F7-4668-BE54-9A1E7A4F7556}") = "UnityDemo", "UnityDemo\UnityDemo.csproj", "{0AB1E105-A77A-4F7F-A1C9-83D6ADE5A805}"
EndProject
Project("{FAE04EC0-301F-11D3-BF4B-00C04F79EFBC}") = "Coding", "Coding\Coding.csproj", "{03A60BD9-B10C-45D8-B563-19C145094D99}"
EndProject
Project("{2150E333-8FDC-42A3-9474-1A3956D46DE8}") = "AshinsApp", "AshinsApp", "{65925630-B0A9-4032-BC10-A5844C005B69}"
EndProject
Project("{FAE04EC0-301F-11D3-BF4B-00C04F79EFBC}") = "DataAccessLayer", "DataAccessLayer\DataAccessLayer.csproj", "{A606EB8A-DD20-46F3-A000-9ADC49E4305A}"
EndProject
Project("{FAE04EC0-301F-11D3-BF4B-00C04F79EFBC}") = "ServiceLayer", "ServiceLayer\ServiceLayer.csproj", "{B4ABE2F2-7A3E-4D1A-8AE6-6BC1DEDF3314}"
EndProject
Project("{FAE04EC0-301F-11D3-BF4B-00C04F79EFBC}") = "UnityContainer", "UnituContainer\UnityContainer.csproj", "{F765F9A9-470E-4463-BC17-59A2BAC4ACD5}"
EndProject
Project("{FAE04EC0-301F-11D3-BF4B-00C04F79EFBC}") = "Application.Interfaces", "Application.Interfaces\Application.Interfaces.csproj", "{F291CB1D-8088-4928-860B-560E17DFE579}"
EndProject
Project("{FAE04EC0-301F-11D3-BF4B-00C04F79EFBC}") = "Threading_Albahari", "Threading_Albahari\Threading_Albahari.csproj", "{1FED671D-0513-4505-85B5-B3020187A635}"
EndProject
Project("{FAE04EC0-301F-11D3-BF4B-00C04F79EFBC}") = "UISide", "UISide\UISide.csproj", "{2BA80525-414B-495B-82D9-643A802B36F1}"
EndProject
Project("{FAE04EC0-301F-11D3-BF4B-00C04F79EFBC}") = "Shell", "Infrastructure\Shell.csproj", "{06D7B70F-761C-47C2-AB7C-B3C6DDD0979A}"
EndProject
Project("{2150E333-8FDC-42A3-9474-1A3956D46DE8}") = "SignalModule", "SignalModule", "{FD1FF9D8-986A-44D0-8128-9F78B983222B}"
EndProject
Project("{FAE04EC0-301F-11D3-BF4B-00C04F79EFBC}") = "CommonItems", "CommonItems\CommonItems.csproj", "{05647C22-DFE3-4972-84B5-BC41A8E3F579}"
EndProject
Project("{2150E333-8FDC-42A3-9474-1A3956D46DE8}") = "IOT_Apps", "IOT_Apps", "{BEA9302F-135B-49D7-B69D-3CD63285BB23}"
EndProject
Project("{FAE04EC0-301F-11D3-BF4B-00C04F79EFBC}") = "IOTClientDevice", "IOTClientDevice\IOTClientDevice.csproj", "{5C7074AE-F29E-4B3D-8CBC-7FA25D5C5A6A}"
EndProject
Global
	GlobalSection(SolutionConfigurationPlatforms) = preSolution
		Debug|Any CPU = Debug|Any CPU
		Release|Any CPU = Release|Any CPU
	EndGlobalSection
	GlobalSection(ProjectConfigurationPlatforms) = postSolution
		{9F78B43D-2C87-49EF-B078-5333ABF1992D}.Debug|Any CPU.ActiveCfg = Debug|Any CPU
		{9F78B43D-2C87-49EF-B078-5333ABF1992D}.Debug|Any CPU.Build.0 = Debug|Any CPU
		{9F78B43D-2C87-49EF-B078-5333ABF1992D}.Release|Any CPU.ActiveCfg = Release|Any CPU
		{9F78B43D-2C87-49EF-B078-5333ABF1992D}.Release|Any CPU.Build.0 = Release|Any CPU
		{E968F671-3178-466B-9102-624A8B8EF01B}.Debug|Any CPU.ActiveCfg = Debug|Any CPU
		{E968F671-3178-466B-9102-624A8B8EF01B}.Debug|Any CPU.Build.0 = Debug|Any CPU
		{E968F671-3178-466B-9102-624A8B8EF01B}.Release|Any CPU.ActiveCfg = Release|Any CPU
		{E968F671-3178-466B-9102-624A8B8EF01B}.Release|Any CPU.Build.0 = Release|Any CPU
		{52E9D4A7-0932-4FE3-B2DA-9A778B5A4657}.Debug|Any CPU.ActiveCfg = Debug|Any CPU
		{52E9D4A7-0932-4FE3-B2DA-9A778B5A4657}.Debug|Any CPU.Build.0 = Debug|Any CPU
		{52E9D4A7-0932-4FE3-B2DA-9A778B5A4657}.Release|Any CPU.ActiveCfg = Release|Any CPU
		{52E9D4A7-0932-4FE3-B2DA-9A778B5A4657}.Release|Any CPU.Build.0 = Release|Any CPU
		{6F4598E3-D8BE-48DE-90A9-DE9EA9BD4921}.Debug|Any CPU.ActiveCfg = Debug|Any CPU
		{6F4598E3-D8BE-48DE-90A9-DE9EA9BD4921}.Debug|Any CPU.Build.0 = Debug|Any CPU
		{6F4598E3-D8BE-48DE-90A9-DE9EA9BD4921}.Release|Any CPU.ActiveCfg = Release|Any CPU
		{6F4598E3-D8BE-48DE-90A9-DE9EA9BD4921}.Release|Any CPU.Build.0 = Release|Any CPU
		{F2B9BD39-FD99-4458-B962-0D301E3A89F3}.Debug|Any CPU.ActiveCfg = Debug|Any CPU
		{F2B9BD39-FD99-4458-B962-0D301E3A89F3}.Debug|Any CPU.Build.0 = Debug|Any CPU
		{F2B9BD39-FD99-4458-B962-0D301E3A89F3}.Release|Any CPU.ActiveCfg = Release|Any CPU
		{F2B9BD39-FD99-4458-B962-0D301E3A89F3}.Release|Any CPU.Build.0 = Release|Any CPU
		{7DD295EE-8A5E-4892-B4BA-7E2091AD995A}.Debug|Any CPU.ActiveCfg = Debug|Any CPU
		{7DD295EE-8A5E-4892-B4BA-7E2091AD995A}.Debug|Any CPU.Build.0 = Debug|Any CPU
		{7DD295EE-8A5E-4892-B4BA-7E2091AD995A}.Release|Any CPU.ActiveCfg = Release|Any CPU
		{7DD295EE-8A5E-4892-B4BA-7E2091AD995A}.Release|Any CPU.Build.0 = Release|Any CPU
		{9D643ECA-7ADA-4582-8010-4FA22C2AA4D8}.Debug|Any CPU.ActiveCfg = Debug|Any CPU
		{9D643ECA-7ADA-4582-8010-4FA22C2AA4D8}.Debug|Any CPU.Build.0 = Debug|Any CPU
		{9D643ECA-7ADA-4582-8010-4FA22C2AA4D8}.Release|Any CPU.ActiveCfg = Release|Any CPU
		{9D643ECA-7ADA-4582-8010-4FA22C2AA4D8}.Release|Any CPU.Build.0 = Release|Any CPU
		{7C333BEA-5ACB-4E5E-A404-AC14F7C2D8FF}.Debug|Any CPU.ActiveCfg = Debug|Any CPU
		{7C333BEA-5ACB-4E5E-A404-AC14F7C2D8FF}.Debug|Any CPU.Build.0 = Debug|Any CPU
		{7C333BEA-5ACB-4E5E-A404-AC14F7C2D8FF}.Release|Any CPU.ActiveCfg = Release|Any CPU
		{7C333BEA-5ACB-4E5E-A404-AC14F7C2D8FF}.Release|Any CPU.Build.0 = Release|Any CPU
		{0AB1E105-A77A-4F7F-A1C9-83D6ADE5A805}.Debug|Any CPU.ActiveCfg = Debug|Any CPU
		{0AB1E105-A77A-4F7F-A1C9-83D6ADE5A805}.Debug|Any CPU.Build.0 = Debug|Any CPU
		{0AB1E105-A77A-4F7F-A1C9-83D6ADE5A805}.Release|Any CPU.ActiveCfg = Release|Any CPU
		{0AB1E105-A77A-4F7F-A1C9-83D6ADE5A805}.Release|Any CPU.Build.0 = Release|Any CPU
		{03A60BD9-B10C-45D8-B563-19C145094D99}.Debug|Any CPU.ActiveCfg = Debug|Any CPU
		{03A60BD9-B10C-45D8-B563-19C145094D99}.Debug|Any CPU.Build.0 = Debug|Any CPU
		{03A60BD9-B10C-45D8-B563-19C145094D99}.Release|Any CPU.ActiveCfg = Release|Any CPU
		{03A60BD9-B10C-45D8-B563-19C145094D99}.Release|Any CPU.Build.0 = Release|Any CPU
		{A606EB8A-DD20-46F3-A000-9ADC49E4305A}.Debug|Any CPU.ActiveCfg = Debug|Any CPU
		{A606EB8A-DD20-46F3-A000-9ADC49E4305A}.Debug|Any CPU.Build.0 = Debug|Any CPU
		{A606EB8A-DD20-46F3-A000-9ADC49E4305A}.Release|Any CPU.ActiveCfg = Release|Any CPU
		{A606EB8A-DD20-46F3-A000-9ADC49E4305A}.Release|Any CPU.Build.0 = Release|Any CPU
		{B4ABE2F2-7A3E-4D1A-8AE6-6BC1DEDF3314}.Debug|Any CPU.ActiveCfg = Debug|Any CPU
		{B4ABE2F2-7A3E-4D1A-8AE6-6BC1DEDF3314}.Debug|Any CPU.Build.0 = Debug|Any CPU
		{B4ABE2F2-7A3E-4D1A-8AE6-6BC1DEDF3314}.Release|Any CPU.ActiveCfg = Release|Any CPU
		{B4ABE2F2-7A3E-4D1A-8AE6-6BC1DEDF3314}.Release|Any CPU.Build.0 = Release|Any CPU
		{F765F9A9-470E-4463-BC17-59A2BAC4ACD5}.Debug|Any CPU.ActiveCfg = Debug|Any CPU
		{F765F9A9-470E-4463-BC17-59A2BAC4ACD5}.Debug|Any CPU.Build.0 = Debug|Any CPU
		{F765F9A9-470E-4463-BC17-59A2BAC4ACD5}.Release|Any CPU.ActiveCfg = Release|Any CPU
		{F765F9A9-470E-4463-BC17-59A2BAC4ACD5}.Release|Any CPU.Build.0 = Release|Any CPU
		{F291CB1D-8088-4928-860B-560E17DFE579}.Debug|Any CPU.ActiveCfg = Debug|Any CPU
		{F291CB1D-8088-4928-860B-560E17DFE579}.Debug|Any CPU.Build.0 = Debug|Any CPU
		{F291CB1D-8088-4928-860B-560E17DFE579}.Release|Any CPU.ActiveCfg = Release|Any CPU
		{F291CB1D-8088-4928-860B-560E17DFE579}.Release|Any CPU.Build.0 = Release|Any CPU
		{1FED671D-0513-4505-85B5-B3020187A635}.Debug|Any CPU.ActiveCfg = Debug|Any CPU
		{1FED671D-0513-4505-85B5-B3020187A635}.Debug|Any CPU.Build.0 = Debug|Any CPU
		{1FED671D-0513-4505-85B5-B3020187A635}.Release|Any CPU.ActiveCfg = Release|Any CPU
		{1FED671D-0513-4505-85B5-B3020187A635}.Release|Any CPU.Build.0 = Release|Any CPU
		{2BA80525-414B-495B-82D9-643A802B36F1}.Debug|Any CPU.ActiveCfg = Debug|Any CPU
		{2BA80525-414B-495B-82D9-643A802B36F1}.Debug|Any CPU.Build.0 = Debug|Any CPU
		{2BA80525-414B-495B-82D9-643A802B36F1}.Release|Any CPU.ActiveCfg = Release|Any CPU
		{2BA80525-414B-495B-82D9-643A802B36F1}.Release|Any CPU.Build.0 = Release|Any CPU
		{06D7B70F-761C-47C2-AB7C-B3C6DDD0979A}.Debug|Any CPU.ActiveCfg = Debug|Any CPU
		{06D7B70F-761C-47C2-AB7C-B3C6DDD0979A}.Debug|Any CPU.Build.0 = Debug|Any CPU
		{06D7B70F-761C-47C2-AB7C-B3C6DDD0979A}.Release|Any CPU.ActiveCfg = Release|Any CPU
		{06D7B70F-761C-47C2-AB7C-B3C6DDD0979A}.Release|Any CPU.Build.0 = Release|Any CPU
		{05647C22-DFE3-4972-84B5-BC41A8E3F579}.Debug|Any CPU.ActiveCfg = Debug|Any CPU
		{05647C22-DFE3-4972-84B5-BC41A8E3F579}.Debug|Any CPU.Build.0 = Debug|Any CPU
		{05647C22-DFE3-4972-84B5-BC41A8E3F579}.Release|Any CPU.ActiveCfg = Release|Any CPU
		{05647C22-DFE3-4972-84B5-BC41A8E3F579}.Release|Any CPU.Build.0 = Release|Any CPU
		{5C7074AE-F29E-4B3D-8CBC-7FA25D5C5A6A}.Debug|Any CPU.ActiveCfg = Debug|Any CPU
		{5C7074AE-F29E-4B3D-8CBC-7FA25D5C5A6A}.Debug|Any CPU.Build.0 = Debug|Any CPU
		{5C7074AE-F29E-4B3D-8CBC-7FA25D5C5A6A}.Release|Any CPU.ActiveCfg = Release|Any CPU
		{5C7074AE-F29E-4B3D-8CBC-7FA25D5C5A6A}.Release|Any CPU.Build.0 = Release|Any CPU
	EndGlobalSection
	GlobalSection(SolutionProperties) = preSolution
		HideSolutionNode = FALSE
	EndGlobalSection
	GlobalSection(NestedProjects) = preSolution
		{A606EB8A-DD20-46F3-A000-9ADC49E4305A} = {FD1FF9D8-986A-44D0-8128-9F78B983222B}
		{B4ABE2F2-7A3E-4D1A-8AE6-6BC1DEDF3314} = {FD1FF9D8-986A-44D0-8128-9F78B983222B}
		{F765F9A9-470E-4463-BC17-59A2BAC4ACD5} = {FD1FF9D8-986A-44D0-8128-9F78B983222B}
		{F291CB1D-8088-4928-860B-560E17DFE579} = {FD1FF9D8-986A-44D0-8128-9F78B983222B}
		{2BA80525-414B-495B-82D9-643A802B36F1} = {FD1FF9D8-986A-44D0-8128-9F78B983222B}
		{06D7B70F-761C-47C2-AB7C-B3C6DDD0979A} = {65925630-B0A9-4032-BC10-A5844C005B69}
		{FD1FF9D8-986A-44D0-8128-9F78B983222B} = {65925630-B0A9-4032-BC10-A5844C005B69}
		{05647C22-DFE3-4972-84B5-BC41A8E3F579} = {65925630-B0A9-4032-BC10-A5844C005B69}
		{5C7074AE-F29E-4B3D-8CBC-7FA25D5C5A6A} = {BEA9302F-135B-49D7-B69D-3CD63285BB23}
	EndGlobalSection
	GlobalSection(ExtensibilityGlobals) = postSolution
		SolutionGuid = {0B013061-542D-4273-B415-7D1166578624}
	EndGlobalSection
EndGlobal
